
Microsoft Visual Studio Solution File, Format Version 12.00
# Visual Studio Version 16
VisualStudioVersion = 16.0.33529.622
MinimumVisualStudioVersion = 10.0.40219.1
Project("{888888A0-9F3D-457C-B088-3A5042F75D52}") = "Hangmanpython", "Hangmanpython.pyproj", "{FF28C547-51DE-45D6-B2F2-89EF448787C5}"
EndProject
Global
	GlobalSection(SolutionConfigurationPlatforms) = preSolution
		Debug|Any CPU = Debug|Any CPU
		Release|Any CPU = Release|Any CPU
	EndGlobalSection
	GlobalSection(ProjectConfigurationPlatforms) = postSolution
		{FF28C547-51DE-45D6-B2F2-89EF448787C5}.Debug|Any CPU.ActiveCfg = Debug|Any CPU
		{FF28C547-51DE-45D6-B2F2-89EF448787C5}.Release|Any CPU.ActiveCfg = Release|Any CPU
	EndGlobalSection
	GlobalSection(SolutionProperties) = preSolution
		HideSolutionNode = FALSE
	EndGlobalSection
	GlobalSection(ExtensibilityGlobals) = postSolution
		SolutionGuid = {F2A8C50D-E550-4761-BA91-E776A54A799D}
	EndGlobalSection
EndGlobal
